
Microsoft Visual Studio Solution File, Format Version 12.00
# Visual Studio Version 16
VisualStudioVersion = 16.0.30907.101
MinimumVisualStudioVersion = 10.0.40219.1
Project("{FAE04EC0-301F-11D3-BF4B-00C04F79EFBC}") = "AutomapperExample", "AutomapperExample\AutomapperExample.csproj", "{2156D528-B1EF-4A45-90C1-AD8D22925F82}"
EndProject
Global
	GlobalSection(SolutionConfigurationPlatforms) = preSolution
		Debug|Any CPU = Debug|Any CPU
		Release|Any CPU = Release|Any CPU
	EndGlobalSection
	GlobalSection(ProjectConfigurationPlatforms) = postSolution
		{2156D528-B1EF-4A45-90C1-AD8D22925F82}.Debug|Any CPU.ActiveCfg = Debug|Any CPU
		{2156D528-B1EF-4A45-90C1-AD8D22925F82}.Debug|Any CPU.Build.0 = Debug|Any CPU
		{2156D528-B1EF-4A45-90C1-AD8D22925F82}.Release|Any CPU.ActiveCfg = Release|Any CPU
		{2156D528-B1EF-4A45-90C1-AD8D22925F82}.Release|Any CPU.Build.0 = Release|Any CPU
	EndGlobalSection
	GlobalSection(SolutionProperties) = preSolution
		HideSolutionNode = FALSE
	EndGlobalSection
	GlobalSection(ExtensibilityGlobals) = postSolution
		SolutionGuid = {BBA0CF99-C7D4-47F3-8BA5-AD797225EB88}
	EndGlobalSection
EndGlobal
